
Microsoft Visual Studio Solution File, Format Version 12.00
# Visual Studio Version 16
VisualStudioVersion = 16.0.30413.136
MinimumVisualStudioVersion = 10.0.40219.1
Project("{9A19103F-16F7-4668-BE54-9A1E7A4F7556}") = "Portfolio.Api", "Portfolio.Api\Portfolio.Api.csproj", "{4C753805-E61B-45EF-AB18-DF0600E85488}"
EndProject
Project("{9A19103F-16F7-4668-BE54-9A1E7A4F7556}") = "Portfolio.BlazorWasm", "Portfolio.BlazorWasm\Portfolio.BlazorWasm.csproj", "{9B139947-D464-4ED2-8803-E63CACECA258}"
EndProject
Project("{9A19103F-16F7-4668-BE54-9A1E7A4F7556}") = "Portfolio.Shared", "Portfolio.Shared\Portfolio.Shared.csproj", "{488F5A34-DF58-499D-B68F-9F2767C7322D}"
EndProject
Project("{9A19103F-16F7-4668-BE54-9A1E7A4F7556}") = "Portfolio.BlazorServer", "Portfolio.BlazorServer\Portfolio.BlazorServer.csproj", "{D9DE8276-5D59-4C82-AB00-63AA0FE2F67A}"
EndProject
Project("{2150E333-8FDC-42A3-9474-1A3956D46DE8}") = "Solution Items", "Solution Items", "{1F60F725-F906-4731-9B7E-7BCABABB2C8E}"
	ProjectSection(SolutionItems) = preProject
		recreate_pg.cmd = recreate_pg.cmd
	EndProjectSection
EndProject
Global
	GlobalSection(SolutionConfigurationPlatforms) = preSolution
		Debug|Any CPU = Debug|Any CPU
		Release|Any CPU = Release|Any CPU
	EndGlobalSection
	GlobalSection(ProjectConfigurationPlatforms) = postSolution
		{4C753805-E61B-45EF-AB18-DF0600E85488}.Debug|Any CPU.ActiveCfg = Debug|Any CPU
		{4C753805-E61B-45EF-AB18-DF0600E85488}.Debug|Any CPU.Build.0 = Debug|Any CPU
		{4C753805-E61B-45EF-AB18-DF0600E85488}.Release|Any CPU.ActiveCfg = Release|Any CPU
		{4C753805-E61B-45EF-AB18-DF0600E85488}.Release|Any CPU.Build.0 = Release|Any CPU
		{9B139947-D464-4ED2-8803-E63CACECA258}.Debug|Any CPU.ActiveCfg = Debug|Any CPU
		{9B139947-D464-4ED2-8803-E63CACECA258}.Debug|Any CPU.Build.0 = Debug|Any CPU
		{9B139947-D464-4ED2-8803-E63CACECA258}.Release|Any CPU.ActiveCfg = Release|Any CPU
		{9B139947-D464-4ED2-8803-E63CACECA258}.Release|Any CPU.Build.0 = Release|Any CPU
		{488F5A34-DF58-499D-B68F-9F2767C7322D}.Debug|Any CPU.ActiveCfg = Debug|Any CPU
		{488F5A34-DF58-499D-B68F-9F2767C7322D}.Debug|Any CPU.Build.0 = Debug|Any CPU
		{488F5A34-DF58-499D-B68F-9F2767C7322D}.Release|Any CPU.ActiveCfg = Release|Any CPU
		{488F5A34-DF58-499D-B68F-9F2767C7322D}.Release|Any CPU.Build.0 = Release|Any CPU
		{D9DE8276-5D59-4C82-AB00-63AA0FE2F67A}.Debug|Any CPU.ActiveCfg = Debug|Any CPU
		{D9DE8276-5D59-4C82-AB00-63AA0FE2F67A}.Debug|Any CPU.Build.0 = Debug|Any CPU
		{D9DE8276-5D59-4C82-AB00-63AA0FE2F67A}.Release|Any CPU.ActiveCfg = Release|Any CPU
		{D9DE8276-5D59-4C82-AB00-63AA0FE2F67A}.Release|Any CPU.Build.0 = Release|Any CPU
	EndGlobalSection
	GlobalSection(SolutionProperties) = preSolution
		HideSolutionNode = FALSE
	EndGlobalSection
	GlobalSection(ExtensibilityGlobals) = postSolution
		SolutionGuid = {8C495330-5F56-4678-8C1F-ED4C6CD4F3E0}
	EndGlobalSection
EndGlobal
